{
  "name": "Game of Life",
  "lockfileVersion": 2,
  "requires": true,
  "packages": {
    "": {
      "dependencies": {
        "gsap": "npm:@gsap/member@^3.10.4"
      }
    },
    "node_modules/gsap": {
      "name": "@gsap/member",
      "version": "3.10.4",
      "resolved": "https://npm.greensock.com/@gsap%2fmember/-/member-3.10.4.tgz",
      "integrity": "sha512-UScwIPDulbQcshjEtYYX2vX6sSURHoKbbdMcFjY/6IqAQkA0BoLHC142IGcWiDEm1iLRn/el3HFC/SF0Ew+oxQ==",
      "license": "This package should only be used by individuals/companies with a GreenSock account. See https://greensock.com/club/. Licensing: https://greensock.com/licensing/"
    }
  },
  "dependencies": {
    "gsap": {
      "version": "npm:@gsap/member@3.10.4",
      "resolved": "https://npm.greensock.com/@gsap%2fmember/-/member-3.10.4.tgz",
      "integrity": "sha512-UScwIPDulbQcshjEtYYX2vX6sSURHoKbbdMcFjY/6IqAQkA0BoLHC142IGcWiDEm1iLRn/el3HFC/SF0Ew+oxQ=="
    }
  }
}
